{
  "name": "be-pkpa.eduinkor.com",
  "lockfileVersion": 3,
  "requires": true,
  "packages": {
    "": {
      "dependencies": {
        "xendit-node": "^3.4.0"
      }
    },
    "node_modules/xendit-node": {
      "version": "3.4.0",
      "resolved": "https://registry.npmjs.org/xendit-node/-/xendit-node-3.4.0.tgz",
      "integrity": "sha512-U3GYcAGOKd/KPyapBaqp5JvMdwvNpyUw9OS9gSxChqSZlOx5b0loWpH1Y9vAq23QZDZFAVlt+ToW4MDiRRzvCw==",
      "engines": {
        "node": ">=18.0.0"
      }
    }
  }
}
